// !$*UTF8*$!
{
	archiveVersion = 1;
	classes = {
	};
	objectVersion = 51;
	objects = {

/* Begin PBXBuildFile section */
		4290E64A26985E73001D1D6F /* UserNotifications.framework in Frameworks */ = {isa = PBXBuildFile; fileRef = 42EEAFFE26709D0A0014AAE2 /* UserNotifications.framework */; };
		4290E64B26985E73001D1D6F /* UserNotificationsUI.framework in Frameworks */ = {isa = PBXBuildFile; fileRef = 42EEB00026709D0A0014AAE2 /* UserNotificationsUI.framework */; };
		4290E64E26985E73001D1D6F /* NotificationViewController.swift in Sources */ = {isa = PBXBuildFile; fileRef = 4290E64D26985E73001D1D6F /* NotificationViewController.swift */; };
		4290E65526985E73001D1D6F /* MindBoxNotificationContent.appex in Embed App Extensions */ = {isa = PBXBuildFile; fileRef = 4290E64926985E73001D1D6F /* MindBoxNotificationContent.appex */; settings = {ATTRIBUTES = (RemoveHeadersOnCopy, ); }; };
		42EE1902267099FC0010E814 /* AppDelegate.swift in Sources */ = {isa = PBXBuildFile; fileRef = 42EE1901267099FC0010E814 /* AppDelegate.swift */; };
		42EE1904267099FC0010E814 /* SceneDelegate.swift in Sources */ = {isa = PBXBuildFile; fileRef = 42EE1903267099FC0010E814 /* SceneDelegate.swift */; };
		42EE1906267099FC0010E814 /* ViewController.swift in Sources */ = {isa = PBXBuildFile; fileRef = 42EE1905267099FC0010E814 /* ViewController.swift */; };
		42EE1909267099FC0010E814 /* Main.storyboard in Resources */ = {isa = PBXBuildFile; fileRef = 42EE1907267099FC0010E814 /* Main.storyboard */; };
		42EE190C267099FC0010E814 /* Test_Guid.xcdatamodeld in Sources */ = {isa = PBXBuildFile; fileRef = 42EE190A267099FC0010E814 /* Test_Guid.xcdatamodeld */; };
		42EE190E267099FE0010E814 /* Assets.xcassets in Resources */ = {isa = PBXBuildFile; fileRef = 42EE190D267099FE0010E814 /* Assets.xcassets */; };
		42EE1911267099FE0010E814 /* LaunchScreen.storyboard in Resources */ = {isa = PBXBuildFile; fileRef = 42EE190F267099FE0010E814 /* LaunchScreen.storyboard */; };
		42EEB0462670A1CD0014AAE2 /* NotificationService.swift in Sources */ = {isa = PBXBuildFile; fileRef = 42EEB0452670A1CD0014AAE2 /* NotificationService.swift */; };
		42EEB04A2670A1CD0014AAE2 /* MindboxNotificationServiceExtension.appex in Embed App Extensions */ = {isa = PBXBuildFile; fileRef = 42EEB0432670A1CD0014AAE2 /* MindboxNotificationServiceExtension.appex */; settings = {ATTRIBUTES = (RemoveHeadersOnCopy, ); }; };
		68C95E17976E43D94478E94D /* Pods_Test_Guid.framework in Frameworks */ = {isa = PBXBuildFile; fileRef = DB66B2F53FA45DCC427830B4 /* Pods_Test_Guid.framework */; };
		B21454BC1F40EFC661D44990 /* Pods_Test_Guid_MindboxNotificationServiceExtension.framework in Frameworks */ = {isa = PBXBuildFile; fileRef = B87083975B465BC229047E46 /* Pods_Test_Guid_MindboxNotificationServiceExtension.framework */; };
		E16784FEB179FF5B11D5476F /* Pods_Test_Guid_MindBoxNotificationContent.framework in Frameworks */ = {isa = PBXBuildFile; fileRef = 2E9F44EA740D67216B2E3A0C /* Pods_Test_Guid_MindBoxNotificationContent.framework */; };
/* End PBXBuildFile section */

/* Begin PBXContainerItemProxy section */
		4290E65326985E73001D1D6F /* PBXContainerItemProxy */ = {
			isa = PBXContainerItemProxy;
			containerPortal = 42EE18F6267099FC0010E814 /* Project object */;
			proxyType = 1;
			remoteGlobalIDString = 4290E64826985E73001D1D6F;
			remoteInfo = MindBoxNotificationContent;
		};
		42EEB0482670A1CD0014AAE2 /* PBXContainerItemProxy */ = {
			isa = PBXContainerItemProxy;
			containerPortal = 42EE18F6267099FC0010E814 /* Project object */;
			proxyType = 1;
			remoteGlobalIDString = 42EEB0422670A1CD0014AAE2;
			remoteInfo = MindboxNotificationServiceExtension;
		};
/* End PBXContainerItemProxy section */

/* Begin PBXCopyFilesBuildPhase section */
		42EEAFF526709CD80014AAE2 /* Embed App Extensions */ = {
			isa = PBXCopyFilesBuildPhase;
			buildActionMask = 2147483647;
			dstPath = "";
			dstSubfolderSpec = 13;
			files = (
				4290E65526985E73001D1D6F /* MindBoxNotificationContent.appex in Embed App Extensions */,
				42EEB04A2670A1CD0014AAE2 /* MindboxNotificationServiceExtension.appex in Embed App Extensions */,
			);
			name = "Embed App Extensions";
			runOnlyForDeploymentPostprocessing = 0;
		};
/* End PBXCopyFilesBuildPhase section */

/* Begin PBXFileReference section */
		096D843CF3E003A9182968A3 /* Pods-Test-Guid-MindboxNotificationServiceExtension.debug.xcconfig */ = {isa = PBXFileReference; includeInIndex = 1; lastKnownFileType = text.xcconfig; name = "Pods-Test-Guid-MindboxNotificationServiceExtension.debug.xcconfig"; path = "Target Support Files/Pods-Test-Guid-MindboxNotificationServiceExtension/Pods-Test-Guid-MindboxNotificationServiceExtension.debug.xcconfig"; sourceTree = "<group>"; };
		0B69F472011230EE97910502 /* Pods-Test-Guid-MindboxNotificationContentExtension.release.xcconfig */ = {isa = PBXFileReference; includeInIndex = 1; lastKnownFileType = text.xcconfig; name = "Pods-Test-Guid-MindboxNotificationContentExtension.release.xcconfig"; path = "Target Support Files/Pods-Test-Guid-MindboxNotificationContentExtension/Pods-Test-Guid-MindboxNotificationContentExtension.release.xcconfig"; sourceTree = "<group>"; };
		20227C9EC4D338D3EBB3ECDE /* Pods-Test-Guid.release.xcconfig */ = {isa = PBXFileReference; includeInIndex = 1; lastKnownFileType = text.xcconfig; name = "Pods-Test-Guid.release.xcconfig"; path = "Target Support Files/Pods-Test-Guid/Pods-Test-Guid.release.xcconfig"; sourceTree = "<group>"; };
		2E9F44EA740D67216B2E3A0C /* Pods_Test_Guid_MindBoxNotificationContent.framework */ = {isa = PBXFileReference; explicitFileType = wrapper.framework; includeInIndex = 0; path = Pods_Test_Guid_MindBoxNotificationContent.framework; sourceTree = BUILT_PRODUCTS_DIR; };
		4290E64926985E73001D1D6F /* MindBoxNotificationContent.appex */ = {isa = PBXFileReference; explicitFileType = "wrapper.app-extension"; includeInIndex = 0; path = MindBoxNotificationContent.appex; sourceTree = BUILT_PRODUCTS_DIR; };
		4290E64D26985E73001D1D6F /* NotificationViewController.swift */ = {isa = PBXFileReference; lastKnownFileType = sourcecode.swift; path = NotificationViewController.swift; sourceTree = "<group>"; };
		4290E65226985E73001D1D6F /* Info.plist */ = {isa = PBXFileReference; lastKnownFileType = text.plist.xml; path = Info.plist; sourceTree = "<group>"; };
		4290E65926985EDA001D1D6F /* MindBoxNotificationContent.entitlements */ = {isa = PBXFileReference; lastKnownFileType = text.plist.entitlements; path = MindBoxNotificationContent.entitlements; sourceTree = "<group>"; };
		42EE18FE267099FC0010E814 /* Test-Guid.app */ = {isa = PBXFileReference; explicitFileType = wrapper.application; includeInIndex = 0; path = "Test-Guid.app"; sourceTree = BUILT_PRODUCTS_DIR; };
		42EE1901267099FC0010E814 /* AppDelegate.swift */ = {isa = PBXFileReference; lastKnownFileType = sourcecode.swift; path = AppDelegate.swift; sourceTree = "<group>"; };
		42EE1903267099FC0010E814 /* SceneDelegate.swift */ = {isa = PBXFileReference; lastKnownFileType = sourcecode.swift; path = SceneDelegate.swift; sourceTree = "<group>"; };
		42EE1905267099FC0010E814 /* ViewController.swift */ = {isa = PBXFileReference; lastKnownFileType = sourcecode.swift; path = ViewController.swift; sourceTree = "<group>"; };
		42EE1908267099FC0010E814 /* Base */ = {isa = PBXFileReference; lastKnownFileType = file.storyboard; name = Base; path = Base.lproj/Main.storyboard; sourceTree = "<group>"; };
		42EE190B267099FC0010E814 /* Test_Guid.xcdatamodel */ = {isa = PBXFileReference; lastKnownFileType = wrapper.xcdatamodel; path = Test_Guid.xcdatamodel; sourceTree = "<group>"; };
		42EE190D267099FE0010E814 /* Assets.xcassets */ = {isa = PBXFileReference; lastKnownFileType = folder.assetcatalog; path = Assets.xcassets; sourceTree = "<group>"; };
		42EE1910267099FE0010E814 /* Base */ = {isa = PBXFileReference; lastKnownFileType = file.storyboard; name = Base; path = Base.lproj/LaunchScreen.storyboard; sourceTree = "<group>"; };
		42EE1912267099FE0010E814 /* Info.plist */ = {isa = PBXFileReference; lastKnownFileType = text.plist.xml; path = Info.plist; sourceTree = "<group>"; };
		42EE191826709A9D0010E814 /* Test-Guid.entitlements */ = {isa = PBXFileReference; lastKnownFileType = text.plist.entitlements; path = "Test-Guid.entitlements"; sourceTree = "<group>"; };
		42EEAFFE26709D0A0014AAE2 /* UserNotifications.framework */ = {isa = PBXFileReference; lastKnownFileType = wrapper.framework; name = UserNotifications.framework; path = System/Library/Frameworks/UserNotifications.framework; sourceTree = SDKROOT; };
		42EEB00026709D0A0014AAE2 /* UserNotificationsUI.framework */ = {isa = PBXFileReference; lastKnownFileType = wrapper.framework; name = UserNotificationsUI.framework; path = System/Library/Frameworks/UserNotificationsUI.framework; sourceTree = SDKROOT; };
		42EEB0432670A1CD0014AAE2 /* MindboxNotificationServiceExtension.appex */ = {isa = PBXFileReference; explicitFileType = "wrapper.app-extension"; includeInIndex = 0; path = MindboxNotificationServiceExtension.appex; sourceTree = BUILT_PRODUCTS_DIR; };
		42EEB0452670A1CD0014AAE2 /* NotificationService.swift */ = {isa = PBXFileReference; lastKnownFileType = sourcecode.swift; path = NotificationService.swift; sourceTree = "<group>"; };
		42EEB0472670A1CD0014AAE2 /* Info.plist */ = {isa = PBXFileReference; lastKnownFileType = text.plist.xml; path = Info.plist; sourceTree = "<group>"; };
		42EEB0622670A1F80014AAE2 /* MindboxNotificationServiceExtension.entitlements */ = {isa = PBXFileReference; lastKnownFileType = text.plist.entitlements; path = MindboxNotificationServiceExtension.entitlements; sourceTree = "<group>"; };
		5145DC9D9B8ECA87D5BAE069 /* Pods-Test-Guid-MindboxNotificationServiceExtension.release.xcconfig */ = {isa = PBXFileReference; includeInIndex = 1; lastKnownFileType = text.xcconfig; name = "Pods-Test-Guid-MindboxNotificationServiceExtension.release.xcconfig"; path = "Target Support Files/Pods-Test-Guid-MindboxNotificationServiceExtension/Pods-Test-Guid-MindboxNotificationServiceExtension.release.xcconfig"; sourceTree = "<group>"; };
		A0994AAC108E3A2D14FDAAFE /* Pods-Test-Guid.debug.xcconfig */ = {isa = PBXFileReference; includeInIndex = 1; lastKnownFileType = text.xcconfig; name = "Pods-Test-Guid.debug.xcconfig"; path = "Target Support Files/Pods-Test-Guid/Pods-Test-Guid.debug.xcconfig"; sourceTree = "<group>"; };
		B87083975B465BC229047E46 /* Pods_Test_Guid_MindboxNotificationServiceExtension.framework */ = {isa = PBXFileReference; explicitFileType = wrapper.framework; includeInIndex = 0; path = Pods_Test_Guid_MindboxNotificationServiceExtension.framework; sourceTree = BUILT_PRODUCTS_DIR; };
		BE8DDDF405D9719FBAF59301 /* Pods-Test-Guid-MindBoxNotificationContent.debug.xcconfig */ = {isa = PBXFileReference; includeInIndex = 1; lastKnownFileType = text.xcconfig; name = "Pods-Test-Guid-MindBoxNotificationContent.debug.xcconfig"; path = "Target Support Files/Pods-Test-Guid-MindBoxNotificationContent/Pods-Test-Guid-MindBoxNotificationContent.debug.xcconfig"; sourceTree = "<group>"; };
		C5C59A9482F9E19391F9A939 /* Pods-Test-Guid-MindBoxNotificationContent.release.xcconfig */ = {isa = PBXFileReference; includeInIndex = 1; lastKnownFileType = text.xcconfig; name = "Pods-Test-Guid-MindBoxNotificationContent.release.xcconfig"; path = "Target Support Files/Pods-Test-Guid-MindBoxNotificationContent/Pods-Test-Guid-MindBoxNotificationContent.release.xcconfig"; sourceTree = "<group>"; };
		DB52AC69DF38F4E806551590 /* Pods-Test-Guid-MindboxNotificationContentExtension.debug.xcconfig */ = {isa = PBXFileReference; includeInIndex = 1; lastKnownFileType = text.xcconfig; name = "Pods-Test-Guid-MindboxNotificationContentExtension.debug.xcconfig"; path = "Target Support Files/Pods-Test-Guid-MindboxNotificationContentExtension/Pods-Test-Guid-MindboxNotificationContentExtension.debug.xcconfig"; sourceTree = "<group>"; };
		DB66B2F53FA45DCC427830B4 /* Pods_Test_Guid.framework */ = {isa = PBXFileReference; explicitFileType = wrapper.framework; includeInIndex = 0; path = Pods_Test_Guid.framework; sourceTree = BUILT_PRODUCTS_DIR; };
		E756097FDC362588F8E96217 /* Pods_Test_Guid_MindboxNotificationContentExtension.framework */ = {isa = PBXFileReference; explicitFileType = wrapper.framework; includeInIndex = 0; path = Pods_Test_Guid_MindboxNotificationContentExtension.framework; sourceTree = BUILT_PRODUCTS_DIR; };
/* End PBXFileReference section */

/* Begin PBXFrameworksBuildPhase section */
		4290E64626985E73001D1D6F /* Frameworks */ = {
			isa = PBXFrameworksBuildPhase;
			buildActionMask = 2147483647;
			files = (
				4290E64B26985E73001D1D6F /* UserNotificationsUI.framework in Frameworks */,
				4290E64A26985E73001D1D6F /* UserNotifications.framework in Frameworks */,
				E16784FEB179FF5B11D5476F /* Pods_Test_Guid_MindBoxNotificationContent.framework in Frameworks */,
			);
			runOnlyForDeploymentPostprocessing = 0;
		};
		42EE18FB267099FC0010E814 /* Frameworks */ = {
			isa = PBXFrameworksBuildPhase;
			buildActionMask = 2147483647;
			files = (
				68C95E17976E43D94478E94D /* Pods_Test_Guid.framework in Frameworks */,
			);
			runOnlyForDeploymentPostprocessing = 0;
		};
		42EEB0402670A1CD0014AAE2 /* Frameworks */ = {
			isa = PBXFrameworksBuildPhase;
			buildActionMask = 2147483647;
			files = (
				B21454BC1F40EFC661D44990 /* Pods_Test_Guid_MindboxNotificationServiceExtension.framework in Frameworks */,
			);
			runOnlyForDeploymentPostprocessing = 0;
		};
/* End PBXFrameworksBuildPhase section */

/* Begin PBXGroup section */
		4290E64C26985E73001D1D6F /* MindBoxNotificationContent */ = {
			isa = PBXGroup;
			children = (
				4290E65926985EDA001D1D6F /* MindBoxNotificationContent.entitlements */,
				4290E64D26985E73001D1D6F /* NotificationViewController.swift */,
				4290E65226985E73001D1D6F /* Info.plist */,
			);
			path = MindBoxNotificationContent;
			sourceTree = "<group>";
		};
		42EE18F5267099FC0010E814 = {
			isa = PBXGroup;
			children = (
				42EE1900267099FC0010E814 /* Test-Guid */,
				42EEB0442670A1CD0014AAE2 /* MindboxNotificationServiceExtension */,
				4290E64C26985E73001D1D6F /* MindBoxNotificationContent */,
				42EE18FF267099FC0010E814 /* Products */,
				5D8271D3C2CD3ACF2FB3FC19 /* Pods */,
				45F1B9F5B8C70558427F0A26 /* Frameworks */,
			);
			sourceTree = "<group>";
		};
		42EE18FF267099FC0010E814 /* Products */ = {
			isa = PBXGroup;
			children = (
				42EE18FE267099FC0010E814 /* Test-Guid.app */,
				42EEB0432670A1CD0014AAE2 /* MindboxNotificationServiceExtension.appex */,
				4290E64926985E73001D1D6F /* MindBoxNotificationContent.appex */,
			);
			name = Products;
			sourceTree = "<group>";
		};
		42EE1900267099FC0010E814 /* Test-Guid */ = {
			isa = PBXGroup;
			children = (
				42EE191826709A9D0010E814 /* Test-Guid.entitlements */,
				42EE1901267099FC0010E814 /* AppDelegate.swift */,
				42EE1903267099FC0010E814 /* SceneDelegate.swift */,
				42EE1905267099FC0010E814 /* ViewController.swift */,
				42EE1907267099FC0010E814 /* Main.storyboard */,
				42EE190D267099FE0010E814 /* Assets.xcassets */,
				42EE190F267099FE0010E814 /* LaunchScreen.storyboard */,
				42EE1912267099FE0010E814 /* Info.plist */,
				42EE190A267099FC0010E814 /* Test_Guid.xcdatamodeld */,
			);
			path = "Test-Guid";
			sourceTree = "<group>";
		};
		42EEB0442670A1CD0014AAE2 /* MindboxNotificationServiceExtension */ = {
			isa = PBXGroup;
			children = (
				42EEB0622670A1F80014AAE2 /* MindboxNotificationServiceExtension.entitlements */,
				42EEB0452670A1CD0014AAE2 /* NotificationService.swift */,
				42EEB0472670A1CD0014AAE2 /* Info.plist */,
			);
			path = MindboxNotificationServiceExtension;
			sourceTree = "<group>";
		};
		45F1B9F5B8C70558427F0A26 /* Frameworks */ = {
			isa = PBXGroup;
			children = (
				DB66B2F53FA45DCC427830B4 /* Pods_Test_Guid.framework */,
				42EEAFFE26709D0A0014AAE2 /* UserNotifications.framework */,
				42EEB00026709D0A0014AAE2 /* UserNotificationsUI.framework */,
				E756097FDC362588F8E96217 /* Pods_Test_Guid_MindboxNotificationContentExtension.framework */,
				B87083975B465BC229047E46 /* Pods_Test_Guid_MindboxNotificationServiceExtension.framework */,
				2E9F44EA740D67216B2E3A0C /* Pods_Test_Guid_MindBoxNotificationContent.framework */,
			);
			name = Frameworks;
			sourceTree = "<group>";
		};
		5D8271D3C2CD3ACF2FB3FC19 /* Pods */ = {
			isa = PBXGroup;
			children = (
				A0994AAC108E3A2D14FDAAFE /* Pods-Test-Guid.debug.xcconfig */,
				20227C9EC4D338D3EBB3ECDE /* Pods-Test-Guid.release.xcconfig */,
				DB52AC69DF38F4E806551590 /* Pods-Test-Guid-MindboxNotificationContentExtension.debug.xcconfig */,
				0B69F472011230EE97910502 /* Pods-Test-Guid-MindboxNotificationContentExtension.release.xcconfig */,
				096D843CF3E003A9182968A3 /* Pods-Test-Guid-MindboxNotificationServiceExtension.debug.xcconfig */,
				5145DC9D9B8ECA87D5BAE069 /* Pods-Test-Guid-MindboxNotificationServiceExtension.release.xcconfig */,
				BE8DDDF405D9719FBAF59301 /* Pods-Test-Guid-MindBoxNotificationContent.debug.xcconfig */,
				C5C59A9482F9E19391F9A939 /* Pods-Test-Guid-MindBoxNotificationContent.release.xcconfig */,
			);
			path = Pods;
			sourceTree = "<group>";
		};
/* End PBXGroup section */

/* Begin PBXNativeTarget section */
		4290E64826985E73001D1D6F /* MindBoxNotificationContent */ = {
			isa = PBXNativeTarget;
			buildConfigurationList = 4290E65626985E73001D1D6F /* Build configuration list for PBXNativeTarget "MindBoxNotificationContent" */;
			buildPhases = (
				7C86D9173D9DE3179A30C270 /* [CP] Check Pods Manifest.lock */,
				4290E64526985E73001D1D6F /* Sources */,
				4290E64626985E73001D1D6F /* Frameworks */,
				4290E64726985E73001D1D6F /* Resources */,
			);
			buildRules = (
			);
			dependencies = (
			);
			name = MindBoxNotificationContent;
			productName = MindBoxNotificationContent;
			productReference = 4290E64926985E73001D1D6F /* MindBoxNotificationContent.appex */;
			productType = "com.apple.product-type.app-extension";
		};
		42EE18FD267099FC0010E814 /* Test-Guid */ = {
			isa = PBXNativeTarget;
			buildConfigurationList = 42EE1915267099FE0010E814 /* Build configuration list for PBXNativeTarget "Test-Guid" */;
			buildPhases = (
				898A8BB3AF12B0E054131634 /* [CP] Check Pods Manifest.lock */,
				42EE18FA267099FC0010E814 /* Sources */,
				42EE18FB267099FC0010E814 /* Frameworks */,
				42EE18FC267099FC0010E814 /* Resources */,
				8256E686CECA9B3455D9EAF3 /* [CP] Embed Pods Frameworks */,
				42EEAFF526709CD80014AAE2 /* Embed App Extensions */,
			);
			buildRules = (
			);
			dependencies = (
				42EEB0492670A1CD0014AAE2 /* PBXTargetDependency */,
				4290E65426985E73001D1D6F /* PBXTargetDependency */,
			);
			name = "Test-Guid";
			productName = "Test-Guid";
			productReference = 42EE18FE267099FC0010E814 /* Test-Guid.app */;
			productType = "com.apple.product-type.application";
		};
		42EEB0422670A1CD0014AAE2 /* MindboxNotificationServiceExtension */ = {
			isa = PBXNativeTarget;
			buildConfigurationList = 42EEB04B2670A1CD0014AAE2 /* Build configuration list for PBXNativeTarget "MindboxNotificationServiceExtension" */;
			buildPhases = (
				07246EF3FE4EFF8756F0CB44 /* [CP] Check Pods Manifest.lock */,
				42EEB03F2670A1CD0014AAE2 /* Sources */,
				42EEB0402670A1CD0014AAE2 /* Frameworks */,
				42EEB0412670A1CD0014AAE2 /* Resources */,
			);
			buildRules = (
			);
			dependencies = (
			);
			name = MindboxNotificationServiceExtension;
			productName = MindboxNotificationServiceExtension;
			productReference = 42EEB0432670A1CD0014AAE2 /* MindboxNotificationServiceExtension.appex */;
			productType = "com.apple.product-type.app-extension";
		};
/* End PBXNativeTarget section */

/* Begin PBXProject section */
		42EE18F6267099FC0010E814 /* Project object */ = {
			isa = PBXProject;
			attributes = {
				LastSwiftUpdateCheck = 1250;
				LastUpgradeCheck = 1250;
				TargetAttributes = {
					4290E64826985E73001D1D6F = {
						CreatedOnToolsVersion = 12.5.1;
					};
					42EE18FD267099FC0010E814 = {
						CreatedOnToolsVersion = 12.5;
					};
					42EEB0422670A1CD0014AAE2 = {
						CreatedOnToolsVersion = 12.5;
					};
				};
			};
			buildConfigurationList = 42EE18F9267099FC0010E814 /* Build configuration list for PBXProject "Test-Guid" */;
			compatibilityVersion = "Xcode 9.3";
			developmentRegion = en;
			hasScannedForEncodings = 0;
			knownRegions = (
				en,
				Base,
			);
			mainGroup = 42EE18F5267099FC0010E814;
			productRefGroup = 42EE18FF267099FC0010E814 /* Products */;
			projectDirPath = "";
			projectRoot = "";
			targets = (
				42EE18FD267099FC0010E814 /* Test-Guid */,
				42EEB0422670A1CD0014AAE2 /* MindboxNotificationServiceExtension */,
				4290E64826985E73001D1D6F /* MindBoxNotificationContent */,
			);
		};
/* End PBXProject section */

/* Begin PBXResourcesBuildPhase section */
		4290E64726985E73001D1D6F /* Resources */ = {
			isa = PBXResourcesBuildPhase;
			buildActionMask = 2147483647;
			files = (
			);
			runOnlyForDeploymentPostprocessing = 0;
		};
		42EE18FC267099FC0010E814 /* Resources */ = {
			isa = PBXResourcesBuildPhase;
			buildActionMask = 2147483647;
			files = (
				42EE1911267099FE0010E814 /* LaunchScreen.storyboard in Resources */,
				42EE190E267099FE0010E814 /* Assets.xcassets in Resources */,
				42EE1909267099FC0010E814 /* Main.storyboard in Resources */,
			);
			runOnlyForDeploymentPostprocessing = 0;
		};
		42EEB0412670A1CD0014AAE2 /* Resources */ = {
			isa = PBXResourcesBuildPhase;
			buildActionMask = 2147483647;
			files = (
			);
			runOnlyForDeploymentPostprocessing = 0;
		};
/* End PBXResourcesBuildPhase section */

/* Begin PBXShellScriptBuildPhase section */
		07246EF3FE4EFF8756F0CB44 /* [CP] Check Pods Manifest.lock */ = {
			isa = PBXShellScriptBuildPhase;
			buildActionMask = 2147483647;
			files = (
			);
			inputFileListPaths = (
			);
			inputPaths = (
				"${PODS_PODFILE_DIR_PATH}/Podfile.lock",
				"${PODS_ROOT}/Manifest.lock",
			);
			name = "[CP] Check Pods Manifest.lock";
			outputFileListPaths = (
			);
			outputPaths = (
				"$(DERIVED_FILE_DIR)/Pods-Test-Guid-MindboxNotificationServiceExtension-checkManifestLockResult.txt",
			);
			runOnlyForDeploymentPostprocessing = 0;
			shellPath = /bin/sh;
			shellScript = "diff \"${PODS_PODFILE_DIR_PATH}/Podfile.lock\" \"${PODS_ROOT}/Manifest.lock\" > /dev/null\nif [ $? != 0 ] ; then\n    # print error to STDERR\n    echo \"error: The sandbox is not in sync with the Podfile.lock. Run 'pod install' or update your CocoaPods installation.\" >&2\n    exit 1\nfi\n# This output is used by Xcode 'outputs' to avoid re-running this script phase.\necho \"SUCCESS\" > \"${SCRIPT_OUTPUT_FILE_0}\"\n";
			showEnvVarsInLog = 0;
		};
		7C86D9173D9DE3179A30C270 /* [CP] Check Pods Manifest.lock */ = {
			isa = PBXShellScriptBuildPhase;
			buildActionMask = 2147483647;
			files = (
			);
			inputFileListPaths = (
			);
			inputPaths = (
				"${PODS_PODFILE_DIR_PATH}/Podfile.lock",
				"${PODS_ROOT}/Manifest.lock",
			);
			name = "[CP] Check Pods Manifest.lock";
			outputFileListPaths = (
			);
			outputPaths = (
				"$(DERIVED_FILE_DIR)/Pods-Test-Guid-MindBoxNotificationContent-checkManifestLockResult.txt",
			);
			runOnlyForDeploymentPostprocessing = 0;
			shellPath = /bin/sh;
			shellScript = "diff \"${PODS_PODFILE_DIR_PATH}/Podfile.lock\" \"${PODS_ROOT}/Manifest.lock\" > /dev/null\nif [ $? != 0 ] ; then\n    # print error to STDERR\n    echo \"error: The sandbox is not in sync with the Podfile.lock. Run 'pod install' or update your CocoaPods installation.\" >&2\n    exit 1\nfi\n# This output is used by Xcode 'outputs' to avoid re-running this script phase.\necho \"SUCCESS\" > \"${SCRIPT_OUTPUT_FILE_0}\"\n";
			showEnvVarsInLog = 0;
		};
		8256E686CECA9B3455D9EAF3 /* [CP] Embed Pods Frameworks */ = {
			isa = PBXShellScriptBuildPhase;
			buildActionMask = 2147483647;
			files = (
			);
			inputFileListPaths = (
				"${PODS_ROOT}/Target Support Files/Pods-Test-Guid/Pods-Test-Guid-frameworks-${CONFIGURATION}-input-files.xcfilelist",
			);
			name = "[CP] Embed Pods Frameworks";
			outputFileListPaths = (
				"${PODS_ROOT}/Target Support Files/Pods-Test-Guid/Pods-Test-Guid-frameworks-${CONFIGURATION}-output-files.xcfilelist",
			);
			runOnlyForDeploymentPostprocessing = 0;
			shellPath = /bin/sh;
			shellScript = "\"${PODS_ROOT}/Target Support Files/Pods-Test-Guid/Pods-Test-Guid-frameworks.sh\"\n";
			showEnvVarsInLog = 0;
		};
		898A8BB3AF12B0E054131634 /* [CP] Check Pods Manifest.lock */ = {
			isa = PBXShellScriptBuildPhase;
			buildActionMask = 2147483647;
			files = (
			);
			inputFileListPaths = (
			);
			inputPaths = (
				"${PODS_PODFILE_DIR_PATH}/Podfile.lock",
				"${PODS_ROOT}/Manifest.lock",
			);
			name = "[CP] Check Pods Manifest.lock";
			outputFileListPaths = (
			);
			outputPaths = (
				"$(DERIVED_FILE_DIR)/Pods-Test-Guid-checkManifestLockResult.txt",
			);
			runOnlyForDeploymentPostprocessing = 0;
			shellPath = /bin/sh;
			shellScript = "diff \"${PODS_PODFILE_DIR_PATH}/Podfile.lock\" \"${PODS_ROOT}/Manifest.lock\" > /dev/null\nif [ $? != 0 ] ; then\n    # print error to STDERR\n    echo \"error: The sandbox is not in sync with the Podfile.lock. Run 'pod install' or update your CocoaPods installation.\" >&2\n    exit 1\nfi\n# This output is used by Xcode 'outputs' to avoid re-running this script phase.\necho \"SUCCESS\" > \"${SCRIPT_OUTPUT_FILE_0}\"\n";
			showEnvVarsInLog = 0;
		};
/* End PBXShellScriptBuildPhase section */

/* Begin PBXSourcesBuildPhase section */
		4290E64526985E73001D1D6F /* Sources */ = {
			isa = PBXSourcesBuildPhase;
			buildActionMask = 2147483647;
			files = (
				4290E64E26985E73001D1D6F /* NotificationViewController.swift in Sources */,
			);
			runOnlyForDeploymentPostprocessing = 0;
		};
		42EE18FA267099FC0010E814 /* Sources */ = {
			isa = PBXSourcesBuildPhase;
			buildActionMask = 2147483647;
			files = (
				42EE1906267099FC0010E814 /* ViewController.swift in Sources */,
				42EE1902267099FC0010E814 /* AppDelegate.swift in Sources */,
				42EE190C267099FC0010E814 /* Test_Guid.xcdatamodeld in Sources */,
				42EE1904267099FC0010E814 /* SceneDelegate.swift in Sources */,
			);
			runOnlyForDeploymentPostprocessing = 0;
		};
		42EEB03F2670A1CD0014AAE2 /* Sources */ = {
			isa = PBXSourcesBuildPhase;
			buildActionMask = 2147483647;
			files = (
				42EEB0462670A1CD0014AAE2 /* NotificationService.swift in Sources */,
			);
			runOnlyForDeploymentPostprocessing = 0;
		};
/* End PBXSourcesBuildPhase section */

/* Begin PBXTargetDependency section */
		4290E65426985E73001D1D6F /* PBXTargetDependency */ = {
			isa = PBXTargetDependency;
			target = 4290E64826985E73001D1D6F /* MindBoxNotificationContent */;
			targetProxy = 4290E65326985E73001D1D6F /* PBXContainerItemProxy */;
		};
		42EEB0492670A1CD0014AAE2 /* PBXTargetDependency */ = {
			isa = PBXTargetDependency;
			target = 42EEB0422670A1CD0014AAE2 /* MindboxNotificationServiceExtension */;
			targetProxy = 42EEB0482670A1CD0014AAE2 /* PBXContainerItemProxy */;
		};
/* End PBXTargetDependency section */

/* Begin PBXVariantGroup section */
		42EE1907267099FC0010E814 /* Main.storyboard */ = {
			isa = PBXVariantGroup;
			children = (
				42EE1908267099FC0010E814 /* Base */,
			);
			name = Main.storyboard;
			sourceTree = "<group>";
		};
		42EE190F267099FE0010E814 /* LaunchScreen.storyboard */ = {
			isa = PBXVariantGroup;
			children = (
				42EE1910267099FE0010E814 /* Base */,
			);
			name = LaunchScreen.storyboard;
			sourceTree = "<group>";
		};
/* End PBXVariantGroup section */

/* Begin XCBuildConfiguration section */
		4290E65726985E73001D1D6F /* Debug */ = {
			isa = XCBuildConfiguration;
			baseConfigurationReference = BE8DDDF405D9719FBAF59301 /* Pods-Test-Guid-MindBoxNotificationContent.debug.xcconfig */;
			buildSettings = {
				CODE_SIGN_ENTITLEMENTS = MindBoxNotificationContent/MindBoxNotificationContent.entitlements;
				CODE_SIGN_STYLE = Automatic;
				DEVELOPMENT_TEAM = N39VVWZXXP;
				INFOPLIST_FILE = MindBoxNotificationContent/Info.plist;
				LD_RUNPATH_SEARCH_PATHS = (
					"$(inherited)",
					"@executable_path/Frameworks",
					"@executable_path/../../Frameworks",
				);
				PRODUCT_BUNDLE_IDENTIFIER = "MindboxSDRtest.Test-Guid.MindBoxNotificationContent";
				PRODUCT_NAME = "$(TARGET_NAME)";
				SKIP_INSTALL = YES;
				SWIFT_VERSION = 5.0;
				TARGETED_DEVICE_FAMILY = "1,2";
			};
			name = Debug;
		};
		4290E65826985E73001D1D6F /* Release */ = {
			isa = XCBuildConfiguration;
			baseConfigurationReference = C5C59A9482F9E19391F9A939 /* Pods-Test-Guid-MindBoxNotificationContent.release.xcconfig */;
			buildSettings = {
				CODE_SIGN_ENTITLEMENTS = MindBoxNotificationContent/MindBoxNotificationContent.entitlements;
				CODE_SIGN_STYLE = Automatic;
				DEVELOPMENT_TEAM = N39VVWZXXP;
				INFOPLIST_FILE = MindBoxNotificationContent/Info.plist;
				LD_RUNPATH_SEARCH_PATHS = (
					"$(inherited)",
					"@executable_path/Frameworks",
					"@executable_path/../../Frameworks",
				);
				PRODUCT_BUNDLE_IDENTIFIER = "MindboxSDRtest.Test-Guid.MindBoxNotificationContent";
				PRODUCT_NAME = "$(TARGET_NAME)";
				SKIP_INSTALL = YES;
				SWIFT_VERSION = 5.0;
				TARGETED_DEVICE_FAMILY = "1,2";
			};
			name = Release;
		};
		42EE1913267099FE0010E814 /* Debug */ = {
			isa = XCBuildConfiguration;
			buildSettings = {
				ALWAYS_SEARCH_USER_PATHS = NO;
				CLANG_ANALYZER_NONNULL = YES;
				CLANG_ANALYZER_NUMBER_OBJECT_CONVERSION = YES_AGGRESSIVE;
				CLANG_CXX_LANGUAGE_STANDARD = "gnu++14";
				CLANG_CXX_LIBRARY = "libc++";
				CLANG_ENABLE_MODULES = YES;
				CLANG_ENABLE_OBJC_ARC = YES;
				CLANG_ENABLE_OBJC_WEAK = YES;
				CLANG_WARN_BLOCK_CAPTURE_AUTORELEASING = YES;
				CLANG_WARN_BOOL_CONVERSION = YES;
				CLANG_WARN_COMMA = YES;
				CLANG_WARN_CONSTANT_CONVERSION = YES;
				CLANG_WARN_DEPRECATED_OBJC_IMPLEMENTATIONS = YES;
				CLANG_WARN_DIRECT_OBJC_ISA_USAGE = YES_ERROR;
				CLANG_WARN_DOCUMENTATION_COMMENTS = YES;
				CLANG_WARN_EMPTY_BODY = YES;
				CLANG_WARN_ENUM_CONVERSION = YES;
				CLANG_WARN_INFINITE_RECURSION = YES;
				CLANG_WARN_INT_CONVERSION = YES;
				CLANG_WARN_NON_LITERAL_NULL_CONVERSION = YES;
				CLANG_WARN_OBJC_IMPLICIT_RETAIN_SELF = YES;
				CLANG_WARN_OBJC_LITERAL_CONVERSION = YES;
				CLANG_WARN_OBJC_ROOT_CLASS = YES_ERROR;
				CLANG_WARN_QUOTED_INCLUDE_IN_FRAMEWORK_HEADER = YES;
				CLANG_WARN_RANGE_LOOP_ANALYSIS = YES;
				CLANG_WARN_STRICT_PROTOTYPES = YES;
				CLANG_WARN_SUSPICIOUS_MOVE = YES;
				CLANG_WARN_UNGUARDED_AVAILABILITY = YES_AGGRESSIVE;
				CLANG_WARN_UNREACHABLE_CODE = YES;
				CLANG_WARN__DUPLICATE_METHOD_MATCH = YES;
				COPY_PHASE_STRIP = NO;
				DEBUG_INFORMATION_FORMAT = dwarf;
				ENABLE_STRICT_OBJC_MSGSEND = YES;
				ENABLE_TESTABILITY = YES;
				GCC_C_LANGUAGE_STANDARD = gnu11;
				GCC_DYNAMIC_NO_PIC = NO;
				GCC_NO_COMMON_BLOCKS = YES;
				GCC_OPTIMIZATION_LEVEL = 0;
				GCC_PREPROCESSOR_DEFINITIONS = (
					"DEBUG=1",
					"$(inherited)",
				);
				GCC_WARN_64_TO_32_BIT_CONVERSION = YES;
				GCC_WARN_ABOUT_RETURN_TYPE = YES_ERROR;
				GCC_WARN_UNDECLARED_SELECTOR = YES;
				GCC_WARN_UNINITIALIZED_AUTOS = YES_AGGRESSIVE;
				GCC_WARN_UNUSED_FUNCTION = YES;
				GCC_WARN_UNUSED_VARIABLE = YES;
				IPHONEOS_DEPLOYMENT_TARGET = 14.5;
				MTL_ENABLE_DEBUG_INFO = INCLUDE_SOURCE;
				MTL_FAST_MATH = YES;
				ONLY_ACTIVE_ARCH = YES;
				SDKROOT = iphoneos;
				SWIFT_ACTIVE_COMPILATION_CONDITIONS = DEBUG;
				SWIFT_OPTIMIZATION_LEVEL = "-Onone";
			};
			name = Debug;
		};
		42EE1914267099FE0010E814 /* Release */ = {
			isa = XCBuildConfiguration;
			buildSettings = {
				ALWAYS_SEARCH_USER_PATHS = NO;
				CLANG_ANALYZER_NONNULL = YES;
				CLANG_ANALYZER_NUMBER_OBJECT_CONVERSION = YES_AGGRESSIVE;
				CLANG_CXX_LANGUAGE_STANDARD = "gnu++14";
				CLANG_CXX_LIBRARY = "libc++";
				CLANG_ENABLE_MODULES = YES;
				CLANG_ENABLE_OBJC_ARC = YES;
				CLANG_ENABLE_OBJC_WEAK = YES;
				CLANG_WARN_BLOCK_CAPTURE_AUTORELEASING = YES;
				CLANG_WARN_BOOL_CONVERSION = YES;
				CLANG_WARN_COMMA = YES;
				CLANG_WARN_CONSTANT_CONVERSION = YES;
				CLANG_WARN_DEPRECATED_OBJC_IMPLEMENTATIONS = YES;
				CLANG_WARN_DIRECT_OBJC_ISA_USAGE = YES_ERROR;
				CLANG_WARN_DOCUMENTATION_COMMENTS = YES;
				CLANG_WARN_EMPTY_BODY = YES;
				CLANG_WARN_ENUM_CONVERSION = YES;
				CLANG_WARN_INFINITE_RECURSION = YES;
				CLANG_WARN_INT_CONVERSION = YES;
				CLANG_WARN_NON_LITERAL_NULL_CONVERSION = YES;
				CLANG_WARN_OBJC_IMPLICIT_RETAIN_SELF = YES;
				CLANG_WARN_OBJC_LITERAL_CONVERSION = YES;
				CLANG_WARN_OBJC_ROOT_CLASS = YES_ERROR;
				CLANG_WARN_QUOTED_INCLUDE_IN_FRAMEWORK_HEADER = YES;
				CLANG_WARN_RANGE_LOOP_ANALYSIS = YES;
				CLANG_WARN_STRICT_PROTOTYPES = YES;
				CLANG_WARN_SUSPICIOUS_MOVE = YES;
				CLANG_WARN_UNGUARDED_AVAILABILITY = YES_AGGRESSIVE;
				CLANG_WARN_UNREACHABLE_CODE = YES;
				CLANG_WARN__DUPLICATE_METHOD_MATCH = YES;
				COPY_PHASE_STRIP = NO;
				DEBUG_INFORMATION_FORMAT = "dwarf-with-dsym";
				ENABLE_NS_ASSERTIONS = NO;
				ENABLE_STRICT_OBJC_MSGSEND = YES;
				GCC_C_LANGUAGE_STANDARD = gnu11;
				GCC_NO_COMMON_BLOCKS = YES;
				GCC_WARN_64_TO_32_BIT_CONVERSION = YES;
				GCC_WARN_ABOUT_RETURN_TYPE = YES_ERROR;
				GCC_WARN_UNDECLARED_SELECTOR = YES;
				GCC_WARN_UNINITIALIZED_AUTOS = YES_AGGRESSIVE;
				GCC_WARN_UNUSED_FUNCTION = YES;
				GCC_WARN_UNUSED_VARIABLE = YES;
				IPHONEOS_DEPLOYMENT_TARGET = 14.5;
				MTL_ENABLE_DEBUG_INFO = NO;
				MTL_FAST_MATH = YES;
				SDKROOT = iphoneos;
				SWIFT_COMPILATION_MODE = wholemodule;
				SWIFT_OPTIMIZATION_LEVEL = "-O";
				VALIDATE_PRODUCT = YES;
			};
			name = Release;
		};
		42EE1916267099FE0010E814 /* Debug */ = {
			isa = XCBuildConfiguration;
			baseConfigurationReference = A0994AAC108E3A2D14FDAAFE /* Pods-Test-Guid.debug.xcconfig */;
			buildSettings = {
				ALWAYS_EMBED_SWIFT_STANDARD_LIBRARIES = YES;
				ASSETCATALOG_COMPILER_APPICON_NAME = AppIcon;
				ASSETCATALOG_COMPILER_GLOBAL_ACCENT_COLOR_NAME = AccentColor;
				CODE_SIGN_ENTITLEMENTS = "Test-Guid/Test-Guid.entitlements";
				CODE_SIGN_STYLE = Automatic;
				DEVELOPMENT_TEAM = N39VVWZXXP;
				INFOPLIST_FILE = "Test-Guid/Info.plist";
				LD_RUNPATH_SEARCH_PATHS = (
					"$(inherited)",
					"@executable_path/Frameworks",
				);
				PRODUCT_BUNDLE_IDENTIFIER = "MindboxSDRtest.Test-Guid";
				PRODUCT_NAME = "$(TARGET_NAME)";
				SWIFT_VERSION = 5.0;
				TARGETED_DEVICE_FAMILY = "1,2";
			};
			name = Debug;
		};
		42EE1917267099FE0010E814 /* Release */ = {
			isa = XCBuildConfiguration;
			baseConfigurationReference = 20227C9EC4D338D3EBB3ECDE /* Pods-Test-Guid.release.xcconfig */;
			buildSettings = {
				ALWAYS_EMBED_SWIFT_STANDARD_LIBRARIES = YES;
				ASSETCATALOG_COMPILER_APPICON_NAME = AppIcon;
				ASSETCATALOG_COMPILER_GLOBAL_ACCENT_COLOR_NAME = AccentColor;
				CODE_SIGN_ENTITLEMENTS = "Test-Guid/Test-Guid.entitlements";
				CODE_SIGN_STYLE = Automatic;
				DEVELOPMENT_TEAM = N39VVWZXXP;
				INFOPLIST_FILE = "Test-Guid/Info.plist";
				LD_RUNPATH_SEARCH_PATHS = (
					"$(inherited)",
					"@executable_path/Frameworks",
				);
				PRODUCT_BUNDLE_IDENTIFIER = "MindboxSDRtest.Test-Guid";
				PRODUCT_NAME = "$(TARGET_NAME)";
				SWIFT_VERSION = 5.0;
				TARGETED_DEVICE_FAMILY = "1,2";
			};
			name = Release;
		};
		42EEB04C2670A1CD0014AAE2 /* Debug */ = {
			isa = XCBuildConfiguration;
			baseConfigurationReference = 096D843CF3E003A9182968A3 /* Pods-Test-Guid-MindboxNotificationServiceExtension.debug.xcconfig */;
			buildSettings = {
				CODE_SIGN_ENTITLEMENTS = MindboxNotificationServiceExtension/MindboxNotificationServiceExtension.entitlements;
				CODE_SIGN_STYLE = Automatic;
				DEVELOPMENT_TEAM = N39VVWZXXP;
				INFOPLIST_FILE = MindboxNotificationServiceExtension/Info.plist;
				LD_RUNPATH_SEARCH_PATHS = (
					"$(inherited)",
					"@executable_path/Frameworks",
					"@executable_path/../../Frameworks",
				);
				PRODUCT_BUNDLE_IDENTIFIER = "MindboxSDRtest.Test-Guid.MindboxNotificationServiceExtension";
				PRODUCT_NAME = "$(TARGET_NAME)";
				SKIP_INSTALL = YES;
				SWIFT_VERSION = 5.0;
				TARGETED_DEVICE_FAMILY = "1,2";
			};
			name = Debug;
		};
		42EEB04D2670A1CD0014AAE2 /* Release */ = {
			isa = XCBuildConfiguration;
			baseConfigurationReference = 5145DC9D9B8ECA87D5BAE069 /* Pods-Test-Guid-MindboxNotificationServiceExtension.release.xcconfig */;
			buildSettings = {
				CODE_SIGN_ENTITLEMENTS = MindboxNotificationServiceExtension/MindboxNotificationServiceExtension.entitlements;
				CODE_SIGN_STYLE = Automatic;
				DEVELOPMENT_TEAM = N39VVWZXXP;
				INFOPLIST_FILE = MindboxNotificationServiceExtension/Info.plist;
				LD_RUNPATH_SEARCH_PATHS = (
					"$(inherited)",
					"@executable_path/Frameworks",
					"@executable_path/../../Frameworks",
				);
				PRODUCT_BUNDLE_IDENTIFIER = "MindboxSDRtest.Test-Guid.MindboxNotificationServiceExtension";
				PRODUCT_NAME = "$(TARGET_NAME)";
				SKIP_INSTALL = YES;
				SWIFT_VERSION = 5.0;
				TARGETED_DEVICE_FAMILY = "1,2";
			};
			name = Release;
		};
/* End XCBuildConfiguration section */

/* Begin XCConfigurationList section */
		4290E65626985E73001D1D6F /* Build configuration list for PBXNativeTarget "MindBoxNotificationContent" */ = {
			isa = XCConfigurationList;
			buildConfigurations = (
				4290E65726985E73001D1D6F /* Debug */,
				4290E65826985E73001D1D6F /* Release */,
			);
			defaultConfigurationIsVisible = 0;
			defaultConfigurationName = Release;
		};
		42EE18F9267099FC0010E814 /* Build configuration list for PBXProject "Test-Guid" */ = {
			isa = XCConfigurationList;
			buildConfigurations = (
				42EE1913267099FE0010E814 /* Debug */,
				42EE1914267099FE0010E814 /* Release */,
			);
			defaultConfigurationIsVisible = 0;
			defaultConfigurationName = Release;
		};
		42EE1915267099FE0010E814 /* Build configuration list for PBXNativeTarget "Test-Guid" */ = {
			isa = XCConfigurationList;
			buildConfigurations = (
				42EE1916267099FE0010E814 /* Debug */,
				42EE1917267099FE0010E814 /* Release */,
			);
			defaultConfigurationIsVisible = 0;
			defaultConfigurationName = Release;
		};
		42EEB04B2670A1CD0014AAE2 /* Build configuration list for PBXNativeTarget "MindboxNotificationServiceExtension" */ = {
			isa = XCConfigurationList;
			buildConfigurations = (
				42EEB04C2670A1CD0014AAE2 /* Debug */,
				42EEB04D2670A1CD0014AAE2 /* Release */,
			);
			defaultConfigurationIsVisible = 0;
			defaultConfigurationName = Release;
		};
/* End XCConfigurationList section */

/* Begin XCVersionGroup section */
		42EE190A267099FC0010E814 /* Test_Guid.xcdatamodeld */ = {
			isa = XCVersionGroup;
			children = (
				42EE190B267099FC0010E814 /* Test_Guid.xcdatamodel */,
			);
			currentVersion = 42EE190B267099FC0010E814 /* Test_Guid.xcdatamodel */;
			path = Test_Guid.xcdatamodeld;
			sourceTree = "<group>";
			versionGroupType = wrapper.xcdatamodel;
		};
/* End XCVersionGroup section */
	};
	rootObject = 42EE18F6267099FC0010E814 /* Project object */;
}
