// !$*UTF8*$!
{
	archiveVersion = 1;
	classes = {
	};
	objectVersion = 50;
	objects = {

/* Begin PBXBuildFile section */
		42EE1902267099FC0010E814 /* AppDelegate.swift in Sources */ = {isa = PBXBuildFile; fileRef = 42EE1901267099FC0010E814 /* AppDelegate.swift */; };
		42EE1904267099FC0010E814 /* SceneDelegate.swift in Sources */ = {isa = PBXBuildFile; fileRef = 42EE1903267099FC0010E814 /* SceneDelegate.swift */; };
		42EE1906267099FC0010E814 /* ViewController.swift in Sources */ = {isa = PBXBuildFile; fileRef = 42EE1905267099FC0010E814 /* ViewController.swift */; };
		42EE1909267099FC0010E814 /* Main.storyboard in Resources */ = {isa = PBXBuildFile; fileRef = 42EE1907267099FC0010E814 /* Main.storyboard */; };
		42EE190C267099FC0010E814 /* Test_Guid.xcdatamodeld in Sources */ = {isa = PBXBuildFile; fileRef = 42EE190A267099FC0010E814 /* Test_Guid.xcdatamodeld */; };
		42EE190E267099FE0010E814 /* Assets.xcassets in Resources */ = {isa = PBXBuildFile; fileRef = 42EE190D267099FE0010E814 /* Assets.xcassets */; };
		42EE1911267099FE0010E814 /* LaunchScreen.storyboard in Resources */ = {isa = PBXBuildFile; fileRef = 42EE190F267099FE0010E814 /* LaunchScreen.storyboard */; };
/* End PBXBuildFile section */

/* Begin PBXFileReference section */
		42EE18FE267099FC0010E814 /* Test-Guid.app */ = {isa = PBXFileReference; explicitFileType = wrapper.application; includeInIndex = 0; path = "Test-Guid.app"; sourceTree = BUILT_PRODUCTS_DIR; };
		42EE1901267099FC0010E814 /* AppDelegate.swift */ = {isa = PBXFileReference; lastKnownFileType = sourcecode.swift; path = AppDelegate.swift; sourceTree = "<group>"; };
		42EE1903267099FC0010E814 /* SceneDelegate.swift */ = {isa = PBXFileReference; lastKnownFileType = sourcecode.swift; path = SceneDelegate.swift; sourceTree = "<group>"; };
		42EE1905267099FC0010E814 /* ViewController.swift */ = {isa = PBXFileReference; lastKnownFileType = sourcecode.swift; path = ViewController.swift; sourceTree = "<group>"; };
		42EE1908267099FC0010E814 /* Base */ = {isa = PBXFileReference; lastKnownFileType = file.storyboard; name = Base; path = Base.lproj/Main.storyboard; sourceTree = "<group>"; };
		42EE190B267099FC0010E814 /* Test_Guid.xcdatamodel */ = {isa = PBXFileReference; lastKnownFileType = wrapper.xcdatamodel; path = Test_Guid.xcdatamodel; sourceTree = "<group>"; };
		42EE190D267099FE0010E814 /* Assets.xcassets */ = {isa = PBXFileReference; lastKnownFileType = folder.assetcatalog; path = Assets.xcassets; sourceTree = "<group>"; };
		42EE1910267099FE0010E814 /* Base */ = {isa = PBXFileReference; lastKnownFileType = file.storyboard; name = Base; path = Base.lproj/LaunchScreen.storyboard; sourceTree = "<group>"; };
		42EE1912267099FE0010E814 /* Info.plist */ = {isa = PBXFileReference; lastKnownFileType = text.plist.xml; path = Info.plist; sourceTree = "<group>"; };
/* End PBXFileReference section */

/* Begin PBXFrameworksBuildPhase section */
		42EE18FB267099FC0010E814 /* Frameworks */ = {
			isa = PBXFrameworksBuildPhase;
			buildActionMask = 2147483647;
			files = (
			);
			runOnlyForDeploymentPostprocessing = 0;
		};
/* End PBXFrameworksBuildPhase section */

/* Begin PBXGroup section */
		42EE18F5267099FC0010E814 = {
			isa = PBXGroup;
			children = (
				42EE1900267099FC0010E814 /* Test-Guid */,
				42EE18FF267099FC0010E814 /* Products */,
			);
			sourceTree = "<group>";
		};
		42EE18FF267099FC0010E814 /* Products */ = {
			isa = PBXGroup;
			children = (
				42EE18FE267099FC0010E814 /* Test-Guid.app */,
			);
			name = Products;
			sourceTree = "<group>";
		};
		42EE1900267099FC0010E814 /* Test-Guid */ = {
			isa = PBXGroup;
			children = (
				42EE1901267099FC0010E814 /* AppDelegate.swift */,
				42EE1903267099FC0010E814 /* SceneDelegate.swift */,
				42EE1905267099FC0010E814 /* ViewController.swift */,
				42EE1907267099FC0010E814 /* Main.storyboard */,
				42EE190D267099FE0010E814 /* Assets.xcassets */,
				42EE190F267099FE0010E814 /* LaunchScreen.storyboard */,
				42EE1912267099FE0010E814 /* Info.plist */,
				42EE190A267099FC0010E814 /* Test_Guid.xcdatamodeld */,
			);
			path = "Test-Guid";
			sourceTree = "<group>";
		};
/* End PBXGroup section */

/* Begin PBXNativeTarget section */
		42EE18FD267099FC0010E814 /* Test-Guid */ = {
			isa = PBXNativeTarget;
			buildConfigurationList = 42EE1915267099FE0010E814 /* Build configuration list for PBXNativeTarget "Test-Guid" */;
			buildPhases = (
				42EE18FA267099FC0010E814 /* Sources */,
				42EE18FB267099FC0010E814 /* Frameworks */,
				42EE18FC267099FC0010E814 /* Resources */,
			);
			buildRules = (
			);
			dependencies = (
			);
			name = "Test-Guid";
			productName = "Test-Guid";
			productReference = 42EE18FE267099FC0010E814 /* Test-Guid.app */;
			productType = "com.apple.product-type.application";
		};
/* End PBXNativeTarget section */

/* Begin PBXProject section */
		42EE18F6267099FC0010E814 /* Project object */ = {
			isa = PBXProject;
			attributes = {
				LastSwiftUpdateCheck = 1250;
				LastUpgradeCheck = 1250;
				TargetAttributes = {
					42EE18FD267099FC0010E814 = {
						CreatedOnToolsVersion = 12.5;
					};
				};
			};
			buildConfigurationList = 42EE18F9267099FC0010E814 /* Build configuration list for PBXProject "Test-Guid" */;
			compatibilityVersion = "Xcode 9.3";
			developmentRegion = en;
			hasScannedForEncodings = 0;
			knownRegions = (
				en,
				Base,
			);
			mainGroup = 42EE18F5267099FC0010E814;
			productRefGroup = 42EE18FF267099FC0010E814 /* Products */;
			projectDirPath = "";
			projectRoot = "";
			targets = (
				42EE18FD267099FC0010E814 /* Test-Guid */,
			);
		};
/* End PBXProject section */

/* Begin PBXResourcesBuildPhase section */
		42EE18FC267099FC0010E814 /* Resources */ = {
			isa = PBXResourcesBuildPhase;
			buildActionMask = 2147483647;
			files = (
				42EE1911267099FE0010E814 /* LaunchScreen.storyboard in Resources */,
				42EE190E267099FE0010E814 /* Assets.xcassets in Resources */,
				42EE1909267099FC0010E814 /* Main.storyboard in Resources */,
			);
			runOnlyForDeploymentPostprocessing = 0;
		};
/* End PBXResourcesBuildPhase section */

/* Begin PBXSourcesBuildPhase section */
		42EE18FA267099FC0010E814 /* Sources */ = {
			isa = PBXSourcesBuildPhase;
			buildActionMask = 2147483647;
			files = (
				42EE1906267099FC0010E814 /* ViewController.swift in Sources */,
				42EE1902267099FC0010E814 /* AppDelegate.swift in Sources */,
				42EE190C267099FC0010E814 /* Test_Guid.xcdatamodeld in Sources */,
				42EE1904267099FC0010E814 /* SceneDelegate.swift in Sources */,
			);
			runOnlyForDeploymentPostprocessing = 0;
		};
/* End PBXSourcesBuildPhase section */

/* Begin PBXVariantGroup section */
		42EE1907267099FC0010E814 /* Main.storyboard */ = {
			isa = PBXVariantGroup;
			children = (
				42EE1908267099FC0010E814 /* Base */,
			);
			name = Main.storyboard;
			sourceTree = "<group>";
		};
		42EE190F267099FE0010E814 /* LaunchScreen.storyboard */ = {
			isa = PBXVariantGroup;
			children = (
				42EE1910267099FE0010E814 /* Base */,
			);
			name = LaunchScreen.storyboard;
			sourceTree = "<group>";
		};
/* End PBXVariantGroup section */

/* Begin XCBuildConfiguration section */
		42EE1913267099FE0010E814 /* Debug */ = {
			isa = XCBuildConfiguration;
			buildSettings = {
				ALWAYS_SEARCH_USER_PATHS = NO;
				CLANG_ANALYZER_NONNULL = YES;
				CLANG_ANALYZER_NUMBER_OBJECT_CONVERSION = YES_AGGRESSIVE;
				CLANG_CXX_LANGUAGE_STANDARD = "gnu++14";
				CLANG_CXX_LIBRARY = "libc++";
				CLANG_ENABLE_MODULES = YES;
				CLANG_ENABLE_OBJC_ARC = YES;
				CLANG_ENABLE_OBJC_WEAK = YES;
				CLANG_WARN_BLOCK_CAPTURE_AUTORELEASING = YES;
				CLANG_WARN_BOOL_CONVERSION = YES;
				CLANG_WARN_COMMA = YES;
				CLANG_WARN_CONSTANT_CONVERSION = YES;
				CLANG_WARN_DEPRECATED_OBJC_IMPLEMENTATIONS = YES;
				CLANG_WARN_DIRECT_OBJC_ISA_USAGE = YES_ERROR;
				CLANG_WARN_DOCUMENTATION_COMMENTS = YES;
				CLANG_WARN_EMPTY_BODY = YES;
				CLANG_WARN_ENUM_CONVERSION = YES;
				CLANG_WARN_INFINITE_RECURSION = YES;
				CLANG_WARN_INT_CONVERSION = YES;
				CLANG_WARN_NON_LITERAL_NULL_CONVERSION = YES;
				CLANG_WARN_OBJC_IMPLICIT_RETAIN_SELF = YES;
				CLANG_WARN_OBJC_LITERAL_CONVERSION = YES;
				CLANG_WARN_OBJC_ROOT_CLASS = YES_ERROR;
				CLANG_WARN_QUOTED_INCLUDE_IN_FRAMEWORK_HEADER = YES;
				CLANG_WARN_RANGE_LOOP_ANALYSIS = YES;
				CLANG_WARN_STRICT_PROTOTYPES = YES;
				CLANG_WARN_SUSPICIOUS_MOVE = YES;
				CLANG_WARN_UNGUARDED_AVAILABILITY = YES_AGGRESSIVE;
				CLANG_WARN_UNREACHABLE_CODE = YES;
				CLANG_WARN__DUPLICATE_METHOD_MATCH = YES;
				COPY_PHASE_STRIP = NO;
				DEBUG_INFORMATION_FORMAT = dwarf;
				ENABLE_STRICT_OBJC_MSGSEND = YES;
				ENABLE_TESTABILITY = YES;
				GCC_C_LANGUAGE_STANDARD = gnu11;
				GCC_DYNAMIC_NO_PIC = NO;
				GCC_NO_COMMON_BLOCKS = YES;
				GCC_OPTIMIZATION_LEVEL = 0;
				GCC_PREPROCESSOR_DEFINITIONS = (
					"DEBUG=1",
					"$(inherited)",
				);
				GCC_WARN_64_TO_32_BIT_CONVERSION = YES;
				GCC_WARN_ABOUT_RETURN_TYPE = YES_ERROR;
				GCC_WARN_UNDECLARED_SELECTOR = YES;
				GCC_WARN_UNINITIALIZED_AUTOS = YES_AGGRESSIVE;
				GCC_WARN_UNUSED_FUNCTION = YES;
				GCC_WARN_UNUSED_VARIABLE = YES;
				IPHONEOS_DEPLOYMENT_TARGET = 14.5;
				MTL_ENABLE_DEBUG_INFO = INCLUDE_SOURCE;
				MTL_FAST_MATH = YES;
				ONLY_ACTIVE_ARCH = YES;
				SDKROOT = iphoneos;
				SWIFT_ACTIVE_COMPILATION_CONDITIONS = DEBUG;
				SWIFT_OPTIMIZATION_LEVEL = "-Onone";
			};
			name = Debug;
		};
		42EE1914267099FE0010E814 /* Release */ = {
			isa = XCBuildConfiguration;
			buildSettings = {
				ALWAYS_SEARCH_USER_PATHS = NO;
				CLANG_ANALYZER_NONNULL = YES;
				CLANG_ANALYZER_NUMBER_OBJECT_CONVERSION = YES_AGGRESSIVE;
				CLANG_CXX_LANGUAGE_STANDARD = "gnu++14";
				CLANG_CXX_LIBRARY = "libc++";
				CLANG_ENABLE_MODULES = YES;
				CLANG_ENABLE_OBJC_ARC = YES;
				CLANG_ENABLE_OBJC_WEAK = YES;
				CLANG_WARN_BLOCK_CAPTURE_AUTORELEASING = YES;
				CLANG_WARN_BOOL_CONVERSION = YES;
				CLANG_WARN_COMMA = YES;
				CLANG_WARN_CONSTANT_CONVERSION = YES;
				CLANG_WARN_DEPRECATED_OBJC_IMPLEMENTATIONS = YES;
				CLANG_WARN_DIRECT_OBJC_ISA_USAGE = YES_ERROR;
				CLANG_WARN_DOCUMENTATION_COMMENTS = YES;
				CLANG_WARN_EMPTY_BODY = YES;
				CLANG_WARN_ENUM_CONVERSION = YES;
				CLANG_WARN_INFINITE_RECURSION = YES;
				CLANG_WARN_INT_CONVERSION = YES;
				CLANG_WARN_NON_LITERAL_NULL_CONVERSION = YES;
				CLANG_WARN_OBJC_IMPLICIT_RETAIN_SELF = YES;
				CLANG_WARN_OBJC_LITERAL_CONVERSION = YES;
				CLANG_WARN_OBJC_ROOT_CLASS = YES_ERROR;
				CLANG_WARN_QUOTED_INCLUDE_IN_FRAMEWORK_HEADER = YES;
				CLANG_WARN_RANGE_LOOP_ANALYSIS = YES;
				CLANG_WARN_STRICT_PROTOTYPES = YES;
				CLANG_WARN_SUSPICIOUS_MOVE = YES;
				CLANG_WARN_UNGUARDED_AVAILABILITY = YES_AGGRESSIVE;
				CLANG_WARN_UNREACHABLE_CODE = YES;
				CLANG_WARN__DUPLICATE_METHOD_MATCH = YES;
				COPY_PHASE_STRIP = NO;
				DEBUG_INFORMATION_FORMAT = "dwarf-with-dsym";
				ENABLE_NS_ASSERTIONS = NO;
				ENABLE_STRICT_OBJC_MSGSEND = YES;
				GCC_C_LANGUAGE_STANDARD = gnu11;
				GCC_NO_COMMON_BLOCKS = YES;
				GCC_WARN_64_TO_32_BIT_CONVERSION = YES;
				GCC_WARN_ABOUT_RETURN_TYPE = YES_ERROR;
				GCC_WARN_UNDECLARED_SELECTOR = YES;
				GCC_WARN_UNINITIALIZED_AUTOS = YES_AGGRESSIVE;
				GCC_WARN_UNUSED_FUNCTION = YES;
				GCC_WARN_UNUSED_VARIABLE = YES;
				IPHONEOS_DEPLOYMENT_TARGET = 14.5;
				MTL_ENABLE_DEBUG_INFO = NO;
				MTL_FAST_MATH = YES;
				SDKROOT = iphoneos;
				SWIFT_COMPILATION_MODE = wholemodule;
				SWIFT_OPTIMIZATION_LEVEL = "-O";
				VALIDATE_PRODUCT = YES;
			};
			name = Release;
		};
		42EE1916267099FE0010E814 /* Debug */ = {
			isa = XCBuildConfiguration;
			buildSettings = {
				ASSETCATALOG_COMPILER_APPICON_NAME = AppIcon;
				ASSETCATALOG_COMPILER_GLOBAL_ACCENT_COLOR_NAME = AccentColor;
				CODE_SIGN_STYLE = Automatic;
				DEVELOPMENT_TEAM = N39VVWZXXP;
				INFOPLIST_FILE = "Test-Guid/Info.plist";
				LD_RUNPATH_SEARCH_PATHS = (
					"$(inherited)",
					"@executable_path/Frameworks",
				);
				PRODUCT_BUNDLE_IDENTIFIER = "MindboxSDRtest.Test-Guid";
				PRODUCT_NAME = "$(TARGET_NAME)";
				SWIFT_VERSION = 5.0;
				TARGETED_DEVICE_FAMILY = "1,2";
			};
			name = Debug;
		};
		42EE1917267099FE0010E814 /* Release */ = {
			isa = XCBuildConfiguration;
			buildSettings = {
				ASSETCATALOG_COMPILER_APPICON_NAME = AppIcon;
				ASSETCATALOG_COMPILER_GLOBAL_ACCENT_COLOR_NAME = AccentColor;
				CODE_SIGN_STYLE = Automatic;
				DEVELOPMENT_TEAM = N39VVWZXXP;
				INFOPLIST_FILE = "Test-Guid/Info.plist";
				LD_RUNPATH_SEARCH_PATHS = (
					"$(inherited)",
					"@executable_path/Frameworks",
				);
				PRODUCT_BUNDLE_IDENTIFIER = "MindboxSDRtest.Test-Guid";
				PRODUCT_NAME = "$(TARGET_NAME)";
				SWIFT_VERSION = 5.0;
				TARGETED_DEVICE_FAMILY = "1,2";
			};
			name = Release;
		};
/* End XCBuildConfiguration section */

/* Begin XCConfigurationList section */
		42EE18F9267099FC0010E814 /* Build configuration list for PBXProject "Test-Guid" */ = {
			isa = XCConfigurationList;
			buildConfigurations = (
				42EE1913267099FE0010E814 /* Debug */,
				42EE1914267099FE0010E814 /* Release */,
			);
			defaultConfigurationIsVisible = 0;
			defaultConfigurationName = Release;
		};
		42EE1915267099FE0010E814 /* Build configuration list for PBXNativeTarget "Test-Guid" */ = {
			isa = XCConfigurationList;
			buildConfigurations = (
				42EE1916267099FE0010E814 /* Debug */,
				42EE1917267099FE0010E814 /* Release */,
			);
			defaultConfigurationIsVisible = 0;
			defaultConfigurationName = Release;
		};
/* End XCConfigurationList section */

/* Begin XCVersionGroup section */
		42EE190A267099FC0010E814 /* Test_Guid.xcdatamodeld */ = {
			isa = XCVersionGroup;
			children = (
				42EE190B267099FC0010E814 /* Test_Guid.xcdatamodel */,
			);
			currentVersion = 42EE190B267099FC0010E814 /* Test_Guid.xcdatamodel */;
			path = Test_Guid.xcdatamodeld;
			sourceTree = "<group>";
			versionGroupType = wrapper.xcdatamodel;
		};
/* End XCVersionGroup section */
	};
	rootObject = 42EE18F6267099FC0010E814 /* Project object */;
}
